
Microsoft Visual Studio Solution File, Format Version 12.00
# Visual Studio Version 16
VisualStudioVersion = 16.0.31911.196
MinimumVisualStudioVersion = 10.0.40219.1
Project("{FAE04EC0-301F-11D3-BF4B-00C04F79EFBC}") = "Generic_Test_Framework", "Generic_Test_Framework\Generic_Test_Framework.csproj", "{E33106D2-1D59-4444-9D3D-49CD88EEB3E5}"
EndProject
Project("{FAE04EC0-301F-11D3-BF4B-00C04F79EFBC}") = "Gava_Automation_Test_Framework", "Gava_Automation_Test_Framework\Gava_Automation_Test_Framework.csproj", "{9FC06698-C2E5-4B56-89E6-5F37CD944B29}"
EndProject
Project("{FAE04EC0-301F-11D3-BF4B-00C04F79EFBC}") = "Gava_Automation_Test", "Gava_Automation_Test\Gava_Automation_Test.csproj", "{2DECED92-89EC-4090-BA03-AFDEB8F92EAA}"
EndProject
Global
	GlobalSection(SolutionConfigurationPlatforms) = preSolution
		Debug|Any CPU = Debug|Any CPU
		Release|Any CPU = Release|Any CPU
	EndGlobalSection
	GlobalSection(ProjectConfigurationPlatforms) = postSolution
		{E33106D2-1D59-4444-9D3D-49CD88EEB3E5}.Debug|Any CPU.ActiveCfg = Debug|Any CPU
		{E33106D2-1D59-4444-9D3D-49CD88EEB3E5}.Debug|Any CPU.Build.0 = Debug|Any CPU
		{E33106D2-1D59-4444-9D3D-49CD88EEB3E5}.Release|Any CPU.ActiveCfg = Release|Any CPU
		{E33106D2-1D59-4444-9D3D-49CD88EEB3E5}.Release|Any CPU.Build.0 = Release|Any CPU
		{9FC06698-C2E5-4B56-89E6-5F37CD944B29}.Debug|Any CPU.ActiveCfg = Debug|Any CPU
		{9FC06698-C2E5-4B56-89E6-5F37CD944B29}.Debug|Any CPU.Build.0 = Debug|Any CPU
		{9FC06698-C2E5-4B56-89E6-5F37CD944B29}.Release|Any CPU.ActiveCfg = Release|Any CPU
		{9FC06698-C2E5-4B56-89E6-5F37CD944B29}.Release|Any CPU.Build.0 = Release|Any CPU
		{2DECED92-89EC-4090-BA03-AFDEB8F92EAA}.Debug|Any CPU.ActiveCfg = Debug|Any CPU
		{2DECED92-89EC-4090-BA03-AFDEB8F92EAA}.Debug|Any CPU.Build.0 = Debug|Any CPU
		{2DECED92-89EC-4090-BA03-AFDEB8F92EAA}.Release|Any CPU.ActiveCfg = Release|Any CPU
		{2DECED92-89EC-4090-BA03-AFDEB8F92EAA}.Release|Any CPU.Build.0 = Release|Any CPU
	EndGlobalSection
	GlobalSection(SolutionProperties) = preSolution
		HideSolutionNode = FALSE
	EndGlobalSection
	GlobalSection(ExtensibilityGlobals) = postSolution
		SolutionGuid = {F387FCAB-E82B-4A3C-9C0B-E7216BF9A347}
	EndGlobalSection
EndGlobal
